dependencies:
  idf:
    component_hash: null
    source:
      type: idf
    version: 5.2.1
  protocol_examples_common:
    component_hash: null
    source:
      path: C:\Users\ecila\esp\v5.2.1\esp-idf\examples\common_components\protocol_examples_common
      type: local
    version: '*'
manifest_hash: 9fdba9bd3ed3621cbf7c0adf0dd6ff584d8384ec1b9eac14982d3bc72c91d5a5
target: esp32c6
version: 1.0.0
